
Microsoft Visual Studio Solution File, Format Version 12.00
# Visual Studio Version 17
VisualStudioVersion = 17.0.32126.317
MinimumVisualStudioVersion = 10.0.40219.1
Project("{9A19103F-16F7-4668-BE54-9A1E7A4F7556}") = "TangyWeb_Server", "TangyWeb_Server\TangyWeb_Server.csproj", "{C1E961B0-3E20-47A5-824C-CE0CA913F6C3}"
EndProject
Project("{9A19103F-16F7-4668-BE54-9A1E7A4F7556}") = "TangyWeb_Client", "TangyWeb_Client\TangyWeb_Client.csproj", "{A46AFA90-ADB3-4AFD-8BCA-4A3C658FF579}"
EndProject
Project("{9A19103F-16F7-4668-BE54-9A1E7A4F7556}") = "Tangy_Models", "Tangy_Models\Tangy_Models.csproj", "{0328C04F-9461-46BF-8908-19D51C8C3D30}"
EndProject
Project("{FAE04EC0-301F-11D3-BF4B-00C04F79EFBC}") = "Tangy_Business", "Tangy_Business\Tangy_Business.csproj", "{421601F8-2F4C-413B-AAC0-F891272B38BD}"
EndProject
Project("{FAE04EC0-301F-11D3-BF4B-00C04F79EFBC}") = "Tangy_Common", "Tangy_Common\Tangy_Common.csproj", "{8E476274-24D8-4952-A94B-CFF551B0F43C}"
EndProject
Project("{FAE04EC0-301F-11D3-BF4B-00C04F79EFBC}") = "Tangy_DAO", "Tangy_DAO\Tangy_DAO.csproj", "{E54F6AB3-C700-4EC0-9BE9-A04C1C6CC97B}"
EndProject
Global
	GlobalSection(SolutionConfigurationPlatforms) = preSolution
		Debug|Any CPU = Debug|Any CPU
		Release|Any CPU = Release|Any CPU
	EndGlobalSection
	GlobalSection(ProjectConfigurationPlatforms) = postSolution
		{C1E961B0-3E20-47A5-824C-CE0CA913F6C3}.Debug|Any CPU.ActiveCfg = Debug|Any CPU
		{C1E961B0-3E20-47A5-824C-CE0CA913F6C3}.Debug|Any CPU.Build.0 = Debug|Any CPU
		{C1E961B0-3E20-47A5-824C-CE0CA913F6C3}.Release|Any CPU.ActiveCfg = Release|Any CPU
		{C1E961B0-3E20-47A5-824C-CE0CA913F6C3}.Release|Any CPU.Build.0 = Release|Any CPU
		{A46AFA90-ADB3-4AFD-8BCA-4A3C658FF579}.Debug|Any CPU.ActiveCfg = Debug|Any CPU
		{A46AFA90-ADB3-4AFD-8BCA-4A3C658FF579}.Debug|Any CPU.Build.0 = Debug|Any CPU
		{A46AFA90-ADB3-4AFD-8BCA-4A3C658FF579}.Release|Any CPU.ActiveCfg = Release|Any CPU
		{A46AFA90-ADB3-4AFD-8BCA-4A3C658FF579}.Release|Any CPU.Build.0 = Release|Any CPU
		{0328C04F-9461-46BF-8908-19D51C8C3D30}.Debug|Any CPU.ActiveCfg = Debug|Any CPU
		{0328C04F-9461-46BF-8908-19D51C8C3D30}.Debug|Any CPU.Build.0 = Debug|Any CPU
		{0328C04F-9461-46BF-8908-19D51C8C3D30}.Release|Any CPU.ActiveCfg = Release|Any CPU
		{0328C04F-9461-46BF-8908-19D51C8C3D30}.Release|Any CPU.Build.0 = Release|Any CPU
		{421601F8-2F4C-413B-AAC0-F891272B38BD}.Debug|Any CPU.ActiveCfg = Debug|Any CPU
		{421601F8-2F4C-413B-AAC0-F891272B38BD}.Debug|Any CPU.Build.0 = Debug|Any CPU
		{421601F8-2F4C-413B-AAC0-F891272B38BD}.Release|Any CPU.ActiveCfg = Release|Any CPU
		{421601F8-2F4C-413B-AAC0-F891272B38BD}.Release|Any CPU.Build.0 = Release|Any CPU
		{8E476274-24D8-4952-A94B-CFF551B0F43C}.Debug|Any CPU.ActiveCfg = Debug|Any CPU
		{8E476274-24D8-4952-A94B-CFF551B0F43C}.Debug|Any CPU.Build.0 = Debug|Any CPU
		{8E476274-24D8-4952-A94B-CFF551B0F43C}.Release|Any CPU.ActiveCfg = Release|Any CPU
		{8E476274-24D8-4952-A94B-CFF551B0F43C}.Release|Any CPU.Build.0 = Release|Any CPU
		{E54F6AB3-C700-4EC0-9BE9-A04C1C6CC97B}.Debug|Any CPU.ActiveCfg = Debug|Any CPU
		{E54F6AB3-C700-4EC0-9BE9-A04C1C6CC97B}.Debug|Any CPU.Build.0 = Debug|Any CPU
		{E54F6AB3-C700-4EC0-9BE9-A04C1C6CC97B}.Release|Any CPU.ActiveCfg = Release|Any CPU
		{E54F6AB3-C700-4EC0-9BE9-A04C1C6CC97B}.Release|Any CPU.Build.0 = Release|Any CPU
	EndGlobalSection
	GlobalSection(SolutionProperties) = preSolution
		HideSolutionNode = FALSE
	EndGlobalSection
	GlobalSection(ExtensibilityGlobals) = postSolution
		SolutionGuid = {1034F7EC-4964-4413-B3D8-4EB825526B46}
	EndGlobalSection
EndGlobal
